version: 1.0.0
lastUpdated: '2025-11-05T21:51:01.617Z'
entries:
  manifests/f78a108e-f5dc-4165-a1d2-33b49f524597:
    - path: manifests/f78a108e-f5dc-4165-a1d2-33b49f524597/canvases.search.jsonl
      hash: 38744b1cb14c1dc2a4a468665d5f0f8a948343c0e87a3e9c79370f2979e0e4a4
      lastModified: '2025-11-05T17:28:49.327Z'
      index: canvases
  manifests/txf-18197:
    - path: manifests/txf-18197/canvases.search.jsonl
      hash: 6cb2227d8de0a00d29e448656d5fc64113de758fa40955abad9239cdc4c56d5a
      lastModified: '2025-11-05T21:50:25.594Z'
      index: canvases
