version: 1.0.0
lastUpdated: '2025-11-05T17:53:23.920Z'
entries:
  manifests/f78a108e-f5dc-4165-a1d2-33b49f524597:
    - path: manifests/f78a108e-f5dc-4165-a1d2-33b49f524597/canvases.search.jsonl
      hash: 38744b1cb14c1dc2a4a468665d5f0f8a948343c0e87a3e9c79370f2979e0e4a4
      lastModified: '2025-11-05T17:28:49.327Z'
      index: canvases
